
Microsoft Visual Studio Solution File, Format Version 12.00
# Visual Studio Version 17
VisualStudioVersion = 17.11.35312.102
MinimumVisualStudioVersion = 10.0.40219.1
Project("{FAE04EC0-301F-11D3-BF4B-00C04F79EFBC}") = "TaskManager", "TaskManager.csproj", "{82FB24C1-2F79-4B2D-8737-5C7FC5712C97}"
EndProject
Global
	GlobalSection(SolutionConfigurationPlatforms) = preSolution
		Debug|Any CPU = Debug|Any CPU
		Release|Any CPU = Release|Any CPU
	EndGlobalSection
	GlobalSection(ProjectConfigurationPlatforms) = postSolution
		{82FB24C1-2F79-4B2D-8737-5C7FC5712C97}.Debug|Any CPU.ActiveCfg = Debug|Any CPU
		{82FB24C1-2F79-4B2D-8737-5C7FC5712C97}.Debug|Any CPU.Build.0 = Debug|Any CPU
		{82FB24C1-2F79-4B2D-8737-5C7FC5712C97}.Release|Any CPU.ActiveCfg = Release|Any CPU
		{82FB24C1-2F79-4B2D-8737-5C7FC5712C97}.Release|Any CPU.Build.0 = Release|Any CPU
	EndGlobalSection
	GlobalSection(SolutionProperties) = preSolution
		HideSolutionNode = FALSE
	EndGlobalSection
	GlobalSection(ExtensibilityGlobals) = postSolution
		SolutionGuid = {253FEB7F-E49B-4CEA-8A03-8224A6CE71E8}
	EndGlobalSection
EndGlobal
